
Microsoft Visual Studio Solution File, Format Version 12.00
# Visual Studio 14
VisualStudioVersion = 14.0.23107.0
MinimumVisualStudioVersion = 10.0.40219.1
Project("{FAE04EC0-301F-11D3-BF4B-00C04F79EFBC}") = "WeatherChecker", "WeatherChecker\WeatherChecker.csproj", "{736FCD00-46A7-4B40-B7C1-95783569CCF0}"
EndProject
Project("{FAE04EC0-301F-11D3-BF4B-00C04F79EFBC}") = "WeatherCheckerTests", "WeatherCheckerTests\WeatherCheckerTests.csproj", "{5FE4A7E1-4973-41B5-961A-A9FABB1FB2C1}"
EndProject
Global
	GlobalSection(SolutionConfigurationPlatforms) = preSolution
		Debug|Any CPU = Debug|Any CPU
		Release|Any CPU = Release|Any CPU
	EndGlobalSection
	GlobalSection(ProjectConfigurationPlatforms) = postSolution
		{736FCD00-46A7-4B40-B7C1-95783569CCF0}.Debug|Any CPU.ActiveCfg = Debug|Any CPU
		{736FCD00-46A7-4B40-B7C1-95783569CCF0}.Debug|Any CPU.Build.0 = Debug|Any CPU
		{736FCD00-46A7-4B40-B7C1-95783569CCF0}.Release|Any CPU.ActiveCfg = Release|Any CPU
		{736FCD00-46A7-4B40-B7C1-95783569CCF0}.Release|Any CPU.Build.0 = Release|Any CPU
		{5FE4A7E1-4973-41B5-961A-A9FABB1FB2C1}.Debug|Any CPU.ActiveCfg = Debug|Any CPU
		{5FE4A7E1-4973-41B5-961A-A9FABB1FB2C1}.Debug|Any CPU.Build.0 = Debug|Any CPU
		{5FE4A7E1-4973-41B5-961A-A9FABB1FB2C1}.Release|Any CPU.ActiveCfg = Release|Any CPU
		{5FE4A7E1-4973-41B5-961A-A9FABB1FB2C1}.Release|Any CPU.Build.0 = Release|Any CPU
	EndGlobalSection
	GlobalSection(SolutionProperties) = preSolution
		HideSolutionNode = FALSE
	EndGlobalSection
EndGlobal
